
Microsoft Visual Studio Solution File, Format Version 12.00
# Visual Studio 15
VisualStudioVersion = 15.0.28307.271
MinimumVisualStudioVersion = 10.0.40219.1
Project("{FAE04EC0-301F-11D3-BF4B-00C04F79EFBC}") = "ExamenVuelingJCGarcia", "ExamenVuelingJCGarcia\ExamenVuelingJCGarcia.csproj", "{884558FC-D102-46A2-97B4-62271BBBF293}"
EndProject
Project("{FAE04EC0-301F-11D3-BF4B-00C04F79EFBC}") = "IbmServices", "IbmServices\IbmServices.csproj", "{559AA4A3-2E49-49A1-A84E-3C3E9DF8459A}"
EndProject
Project("{FAE04EC0-301F-11D3-BF4B-00C04F79EFBC}") = "IbmTests", "IbmTests\IbmTests.csproj", "{5638926C-2DF2-49ED-AA39-7BF79E4B89F8}"
EndProject
Global
	GlobalSection(SolutionConfigurationPlatforms) = preSolution
		Debug|Any CPU = Debug|Any CPU
		Release|Any CPU = Release|Any CPU
	EndGlobalSection
	GlobalSection(ProjectConfigurationPlatforms) = postSolution
		{884558FC-D102-46A2-97B4-62271BBBF293}.Debug|Any CPU.ActiveCfg = Debug|Any CPU
		{884558FC-D102-46A2-97B4-62271BBBF293}.Debug|Any CPU.Build.0 = Debug|Any CPU
		{884558FC-D102-46A2-97B4-62271BBBF293}.Release|Any CPU.ActiveCfg = Release|Any CPU
		{884558FC-D102-46A2-97B4-62271BBBF293}.Release|Any CPU.Build.0 = Release|Any CPU
		{559AA4A3-2E49-49A1-A84E-3C3E9DF8459A}.Debug|Any CPU.ActiveCfg = Debug|Any CPU
		{559AA4A3-2E49-49A1-A84E-3C3E9DF8459A}.Debug|Any CPU.Build.0 = Debug|Any CPU
		{559AA4A3-2E49-49A1-A84E-3C3E9DF8459A}.Release|Any CPU.ActiveCfg = Release|Any CPU
		{559AA4A3-2E49-49A1-A84E-3C3E9DF8459A}.Release|Any CPU.Build.0 = Release|Any CPU
		{5638926C-2DF2-49ED-AA39-7BF79E4B89F8}.Debug|Any CPU.ActiveCfg = Debug|Any CPU
		{5638926C-2DF2-49ED-AA39-7BF79E4B89F8}.Debug|Any CPU.Build.0 = Debug|Any CPU
		{5638926C-2DF2-49ED-AA39-7BF79E4B89F8}.Release|Any CPU.ActiveCfg = Release|Any CPU
		{5638926C-2DF2-49ED-AA39-7BF79E4B89F8}.Release|Any CPU.Build.0 = Release|Any CPU
	EndGlobalSection
	GlobalSection(SolutionProperties) = preSolution
		HideSolutionNode = FALSE
	EndGlobalSection
	GlobalSection(ExtensibilityGlobals) = postSolution
		SolutionGuid = {526026A5-0BFA-44FD-9002-07A26BABE799}
	EndGlobalSection
EndGlobal
